
Microsoft Visual Studio Solution File, Format Version 12.00
# Visual Studio Version 17
VisualStudioVersion = 17.7.34024.191
MinimumVisualStudioVersion = 10.0.40219.1
Project("{FAE04EC0-301F-11D3-BF4B-00C04F79EFBC}") = "CSVFileEditor", "CSVFileEditor.csproj", "{33285ECE-7DCF-4E20-84C2-D8E4133D3840}"
EndProject
Global
	GlobalSection(SolutionConfigurationPlatforms) = preSolution
		Debug|Any CPU = Debug|Any CPU
		Release|Any CPU = Release|Any CPU
	EndGlobalSection
	GlobalSection(ProjectConfigurationPlatforms) = postSolution
		{33285ECE-7DCF-4E20-84C2-D8E4133D3840}.Debug|Any CPU.ActiveCfg = Debug|Any CPU
		{33285ECE-7DCF-4E20-84C2-D8E4133D3840}.Debug|Any CPU.Build.0 = Debug|Any CPU
		{33285ECE-7DCF-4E20-84C2-D8E4133D3840}.Release|Any CPU.ActiveCfg = Release|Any CPU
		{33285ECE-7DCF-4E20-84C2-D8E4133D3840}.Release|Any CPU.Build.0 = Release|Any CPU
	EndGlobalSection
	GlobalSection(SolutionProperties) = preSolution
		HideSolutionNode = FALSE
	EndGlobalSection
	GlobalSection(ExtensibilityGlobals) = postSolution
		SolutionGuid = {0851467C-F7F4-49FA-91CC-B9F8080253EC}
	EndGlobalSection
EndGlobal
